
Microsoft Visual Studio Solution File, Format Version 12.00
# Visual Studio Version 17
VisualStudioVersion = 17.7.34031.279
MinimumVisualStudioVersion = 10.0.40219.1
Project("{FAE04EC0-301F-11D3-BF4B-00C04F79EFBC}") = "Es02", "Es02\Es02.csproj", "{DB81C754-1B54-4749-811E-DB531E2BDCD0}"
EndProject
Global
	GlobalSection(SolutionConfigurationPlatforms) = preSolution
		Debug|Any CPU = Debug|Any CPU
		Release|Any CPU = Release|Any CPU
	EndGlobalSection
	GlobalSection(ProjectConfigurationPlatforms) = postSolution
		{DB81C754-1B54-4749-811E-DB531E2BDCD0}.Debug|Any CPU.ActiveCfg = Debug|Any CPU
		{DB81C754-1B54-4749-811E-DB531E2BDCD0}.Debug|Any CPU.Build.0 = Debug|Any CPU
		{DB81C754-1B54-4749-811E-DB531E2BDCD0}.Release|Any CPU.ActiveCfg = Release|Any CPU
		{DB81C754-1B54-4749-811E-DB531E2BDCD0}.Release|Any CPU.Build.0 = Release|Any CPU
	EndGlobalSection
	GlobalSection(SolutionProperties) = preSolution
		HideSolutionNode = FALSE
	EndGlobalSection
	GlobalSection(ExtensibilityGlobals) = postSolution
		SolutionGuid = {EAA2F095-B224-47F3-A073-65BEB51B823B}
	EndGlobalSection
EndGlobal
